
Microsoft Visual Studio Solution File, Format Version 12.00
# Visual Studio Version 16
VisualStudioVersion = 25.0.1705.1
MinimumVisualStudioVersion = 10.0.40219.1
Project("{FAE04EC0-301F-11D3-BF4B-00C04F79EFBC}") = "Monster", "Monster.csproj", "{E2F87323-E813-48A0-B444-071CD78C611B}"
EndProject
Global
	GlobalSection(SolutionConfigurationPlatforms) = preSolution
		Debug|Any CPU = Debug|Any CPU
		Release|Any CPU = Release|Any CPU
	EndGlobalSection
	GlobalSection(ProjectConfigurationPlatforms) = postSolution
		{E2F87323-E813-48A0-B444-071CD78C611B}.Debug|Any CPU.ActiveCfg = Debug|Any CPU
		{E2F87323-E813-48A0-B444-071CD78C611B}.Debug|Any CPU.Build.0 = Debug|Any CPU
		{E2F87323-E813-48A0-B444-071CD78C611B}.Release|Any CPU.ActiveCfg = Release|Any CPU
		{E2F87323-E813-48A0-B444-071CD78C611B}.Release|Any CPU.Build.0 = Release|Any CPU
	EndGlobalSection
	GlobalSection(SolutionProperties) = preSolution
		HideSolutionNode = FALSE
	EndGlobalSection
	GlobalSection(ExtensibilityGlobals) = postSolution
		SolutionGuid = {098A0245-8854-47DD-ADE0-25D7390D3D5C}
	EndGlobalSection
EndGlobal
